
Microsoft Visual Studio Solution File, Format Version 12.00
Project("{2150E333-8FDC-42A3-9474-1A3956D46DE8}") = "ShopManagement", "ShopManagement", "{322EF2CF-AFBB-45AC-A094-02A489F68B25}"
EndProject
Project("{2150E333-8FDC-42A3-9474-1A3956D46DE8}") = "Domain", "Domain", "{4B6BCB0C-AFF1-4194-A697-38A3D3A7D198}"
EndProject
Project("{FAE04EC0-301F-11D3-BF4B-00C04F79EFBC}") = "ShopManagement.Domain", "ShopManagement.Domain\ShopManagement.Domain.csproj", "{B4E86E33-FA54-48BE-927D-932ACB259029}"
EndProject
Project("{FAE04EC0-301F-11D3-BF4B-00C04F79EFBC}") = "0_Framework", "0_Framework\0_Framework.csproj", "{EBA10C67-E371-46B5-90FB-EF3F4D76A960}"
EndProject
Project("{2150E333-8FDC-42A3-9474-1A3956D46DE8}") = "Appllication", "Appllication", "{9B3CB2D7-F384-400F-9F64-D6D540EE2862}"
EndProject
Project("{FAE04EC0-301F-11D3-BF4B-00C04F79EFBC}") = "ShopManagement.Application.Contracts", "ShopManagement.Application.Contracts\ShopManagement.Application.Contracts.csproj", "{A20B30BA-FD1B-4DC3-9504-7A0824ADC6EF}"
EndProject
Project("{FAE04EC0-301F-11D3-BF4B-00C04F79EFBC}") = "ShopManagement.Application", "ShopManagement.Application\ShopManagement.Application.csproj", "{982D6F02-1E47-48F6-8589-B0E9F93CC19C}"
EndProject
Project("{2150E333-8FDC-42A3-9474-1A3956D46DE8}") = "Infrastructure", "Infrastructure", "{F3DF99FF-7692-4684-B94F-1654F886C2FD}"
EndProject
Project("{FAE04EC0-301F-11D3-BF4B-00C04F79EFBC}") = "ShopManagement.Infrastructure.EFCore", "ShopManagement.Infrastructure.EFCore\ShopManagement.Infrastructure.EFCore.csproj", "{44F5E6E8-BE28-4677-A8D5-E5CB14162ED1}"
EndProject
Project("{FAE04EC0-301F-11D3-BF4B-00C04F79EFBC}") = "ShopManagement.Configuration", "ShopManagement.Configuration\ShopManagement.Configuration.csproj", "{E039F460-7824-4409-8440-DCE3C25198E0}"
EndProject
Project("{FAE04EC0-301F-11D3-BF4B-00C04F79EFBC}") = "ServiceHost", "ServiceHost\ServiceHost.csproj", "{5F72AB03-42D8-4093-8B92-D450D185364D}"
EndProject
Project("{FAE04EC0-301F-11D3-BF4B-00C04F79EFBC}") = "01_ShopQuery", "01_ShopQuery\01_ShopQuery.csproj", "{974A6267-91AE-4512-8895-45A77AAF9959}"
EndProject
Project("{2150E333-8FDC-42A3-9474-1A3956D46DE8}") = "DiscountManagement", "DiscountManagement", "{412C9E5C-14F0-42ED-8485-F63FF19688DD}"
EndProject
Project("{2150E333-8FDC-42A3-9474-1A3956D46DE8}") = "Domain", "Domain", "{3301DCFD-5A4D-4F9A-AD35-29A9D7EAC66E}"
EndProject
Project("{2150E333-8FDC-42A3-9474-1A3956D46DE8}") = "Application", "Application", "{E9B29B11-A2CE-44EF-9AD2-51EBFB7325FA}"
EndProject
Project("{2150E333-8FDC-42A3-9474-1A3956D46DE8}") = "Infrastructure", "Infrastructure", "{4CC299D4-2C52-4224-9EDB-A92EB3261CE3}"
EndProject
Project("{FAE04EC0-301F-11D3-BF4B-00C04F79EFBC}") = "DiscountManagement.Application", "DiscountManagement.Application\DiscountManagement.Application.csproj", "{59D1CD82-7B90-44BB-9705-22EAE720188C}"
EndProject
Project("{FAE04EC0-301F-11D3-BF4B-00C04F79EFBC}") = "DiscountManagement.Application.Contracts", "DiscountManagement.Application.Contracts\DiscountManagement.Application.Contracts.csproj", "{E11A710E-C133-4842-83C4-141EC3170FF4}"
EndProject
Project("{FAE04EC0-301F-11D3-BF4B-00C04F79EFBC}") = "DiscountManagement.Domain", "DiscountManagement.Domain\DiscountManagement.Domain.csproj", "{0FE14481-7116-422B-BA69-F58C389DA295}"
EndProject
Project("{FAE04EC0-301F-11D3-BF4B-00C04F79EFBC}") = "DiscountManagement.Configuration", "DiscountManagement.Configuration\DiscountManagement.Configuration.csproj", "{F4441BBD-096C-4FAA-90E8-E62F0DA1E93D}"
EndProject
Project("{FAE04EC0-301F-11D3-BF4B-00C04F79EFBC}") = "DiscountManagement.Infrastructure.EFCore", "DiscountManagement.Infrastructure.EFCore\DiscountManagement.Infrastructure.EFCore.csproj", "{112EF3DE-BE3C-4068-BB55-0483BC82166E}"
EndProject
Project("{2150E333-8FDC-42A3-9474-1A3956D46DE8}") = "InventoryManagement", "InventoryManagement", "{E8BDAB9F-850B-4A6A-A74E-CFBE624775C8}"
EndProject
Project("{2150E333-8FDC-42A3-9474-1A3956D46DE8}") = "Domain", "Domain", "{732257F9-CC8D-42EB-BA62-3E8E40DC9106}"
EndProject
Project("{2150E333-8FDC-42A3-9474-1A3956D46DE8}") = "Application", "Application", "{6672D7C4-6C05-48A9-B394-29D4E2721036}"
EndProject
Project("{2150E333-8FDC-42A3-9474-1A3956D46DE8}") = "Infrastructure", "Infrastructure", "{61B156AA-EC28-41B8-89D8-80A554C73E23}"
EndProject
Project("{FAE04EC0-301F-11D3-BF4B-00C04F79EFBC}") = "InventoryManagement.Domain", "InventoryManagement.Domain\InventoryManagement.Domain.csproj", "{8A381300-DF21-4DC7-AEAB-776948515CC6}"
EndProject
Project("{FAE04EC0-301F-11D3-BF4B-00C04F79EFBC}") = "InventoryManagement.Application.Contracts", "InventoryManagement.Application.Contracts\InventoryManagement.Application.Contracts.csproj", "{C1122181-AEA4-4327-AA90-50F3C70C3C53}"
EndProject
Project("{FAE04EC0-301F-11D3-BF4B-00C04F79EFBC}") = "InventoryManagement.Application", "InventoryManagement.Application\InventoryManagement.Application.csproj", "{ED0E8C41-2BB5-49DC-9863-BF01A38B99B7}"
EndProject
Project("{FAE04EC0-301F-11D3-BF4B-00C04F79EFBC}") = "InventoryManagement.Infrastructure.EFCore", "InventoryManagement.Infrastructure.EFCore\InventoryManagement.Infrastructure.EFCore.csproj", "{B8CD176B-9DB2-4A86-9080-3282F9DD2978}"
EndProject
Project("{FAE04EC0-301F-11D3-BF4B-00C04F79EFBC}") = "InventoryManagement.Infrastructure.Configuration", "InventoryManagement.Infrastructure.Configuration\InventoryManagement.Infrastructure.Configuration.csproj", "{668FEE2B-0877-4C7A-95A1-5A97604B2F65}"
EndProject
Project("{2150E333-8FDC-42A3-9474-1A3956D46DE8}") = "CommentManagement", "CommentManagement", "{F97EAC15-A61E-45D7-95CB-F975C91CE539}"
EndProject
Project("{2150E333-8FDC-42A3-9474-1A3956D46DE8}") = "Application", "Application", "{652DE2F7-C69E-4336-85A4-82D4EE9EC393}"
EndProject
Project("{2150E333-8FDC-42A3-9474-1A3956D46DE8}") = "Domain", "Domain", "{C189748E-1A4B-4883-8AB4-D75452C11612}"
EndProject
Project("{2150E333-8FDC-42A3-9474-1A3956D46DE8}") = "Infrastructure", "Infrastructure", "{109B0D46-33C8-4551-9753-6B46642F734B}"
EndProject
Project("{FAE04EC0-301F-11D3-BF4B-00C04F79EFBC}") = "CommentManagement.Application", "CommentManagement.Application\CommentManagement.Application.csproj", "{FA0D9FE1-B20C-43BB-B7E8-D07E39F44144}"
EndProject
Project("{FAE04EC0-301F-11D3-BF4B-00C04F79EFBC}") = "CommentManagement.Application.Contracts", "CommentManagement.Application.Contracts\CommentManagement.Application.Contracts.csproj", "{E76851CF-2EEF-41CC-82E6-353379A5BE2C}"
EndProject
Project("{FAE04EC0-301F-11D3-BF4B-00C04F79EFBC}") = "CommentManagement.Domain", "CommentManagement.Domain\CommentManagement.Domain.csproj", "{5143337B-FCAC-404B-B882-D66CEE9055F4}"
EndProject
Project("{FAE04EC0-301F-11D3-BF4B-00C04F79EFBC}") = "CommentManagement.Infrastructure.Configuration", "CommentManagement.Infrastructure.Configuration\CommentManagement.Infrastructure.Configuration.csproj", "{83F6BE51-C4EE-41C3-A4E2-D24677E81122}"
EndProject
Project("{FAE04EC0-301F-11D3-BF4B-00C04F79EFBC}") = "CommentManagement.Infrastructure.EFCore", "CommentManagement.Infrastructure.EFCore\CommentManagement.Infrastructure.EFCore.csproj", "{4C7759A6-2149-4871-A7A0-2148E2A2AD77}"
EndProject
Project("{2150E333-8FDC-42A3-9474-1A3956D46DE8}") = "BlogManagement", "BlogManagement", "{FEC2DFE5-2782-412D-8BB0-096B86712CE6}"
EndProject
Project("{2150E333-8FDC-42A3-9474-1A3956D46DE8}") = "Application", "Application", "{4A2FA2D8-B10F-4D46-833E-ACD40C99AC7D}"
EndProject
Project("{2150E333-8FDC-42A3-9474-1A3956D46DE8}") = "Domain", "Domain", "{30A99F6B-31F8-4F91-B000-29CA5503840D}"
EndProject
Project("{2150E333-8FDC-42A3-9474-1A3956D46DE8}") = "Infrastructure", "Infrastructure", "{31780A74-B783-4DA1-BA08-2131C6C5D2CC}"
EndProject
Project("{FAE04EC0-301F-11D3-BF4B-00C04F79EFBC}") = "BlogManagement.Domain", "BlogManagement.Domain\BlogManagement.Domain.csproj", "{651A774D-3CCC-4257-92B7-1E00D0167E0B}"
EndProject
Project("{FAE04EC0-301F-11D3-BF4B-00C04F79EFBC}") = "BlogManagement.Application.Contracts", "BlogManagement.Application.Contracts\BlogManagement.Application.Contracts.csproj", "{A483DFF5-2FAC-42C7-9D86-F77DB770E6E6}"
EndProject
Project("{FAE04EC0-301F-11D3-BF4B-00C04F79EFBC}") = "BlogManagement.Application", "BlogManagement.Application\BlogManagement.Application.csproj", "{0A056087-BC3E-46B8-A31C-0139974ADE54}"
EndProject
Project("{FAE04EC0-301F-11D3-BF4B-00C04F79EFBC}") = "BlogManagement.Infrastructure.EFCore", "BlogManagement.Infrastructure.EFCore\BlogManagement.Infrastructure.EFCore.csproj", "{278681AF-59F7-4BEF-BB6A-2B30F4CF4B1D}"
EndProject
Project("{FAE04EC0-301F-11D3-BF4B-00C04F79EFBC}") = "BlogManagement.Infrastructure.Configuration", "BlogManagement.Infrastructure.Configuration\BlogManagement.Infrastructure.Configuration.csproj", "{E70E05FF-DE14-41F0-9103-76B67AD36FBB}"
EndProject
Project("{2150E333-8FDC-42A3-9474-1A3956D46DE8}") = "AccountManagement", "AccountManagement", "{7ECD2F2D-F690-4785-8A84-0B6062EAC20E}"
EndProject
Project("{2150E333-8FDC-42A3-9474-1A3956D46DE8}") = "Domain", "Domain", "{83E8A3AF-118B-49B2-BC5B-22BB84CE14CB}"
EndProject
Project("{FAE04EC0-301F-11D3-BF4B-00C04F79EFBC}") = "AccountManagement.Domain", "AccountManagement.Domain\AccountManagement.Domain.csproj", "{A620D63F-ED70-47D3-8E71-170C8FD03E78}"
EndProject
Project("{2150E333-8FDC-42A3-9474-1A3956D46DE8}") = "Applicatioin", "Applicatioin", "{5A35642D-5C2E-429B-A8D0-D2C7A945D0E6}"
EndProject
Project("{FAE04EC0-301F-11D3-BF4B-00C04F79EFBC}") = "AccountManagement.Application.Contracts", "AccountManagement.Application.Contracts\AccountManagement.Application.Contracts.csproj", "{316FD8AD-F941-4A14-8D82-5F6B071CF135}"
EndProject
Project("{FAE04EC0-301F-11D3-BF4B-00C04F79EFBC}") = "AccountManagement.Application", "AccountManagement.Application\AccountManagement.Application.csproj", "{BEE8A853-E566-466D-B29D-8ADE9F086D6F}"
EndProject
Project("{2150E333-8FDC-42A3-9474-1A3956D46DE8}") = "Infrastructure", "Infrastructure", "{D3EC71D8-5363-4745-8137-9BAC20DCC330}"
EndProject
Project("{FAE04EC0-301F-11D3-BF4B-00C04F79EFBC}") = "AccountManagement.Infrastructure.EFCore", "AccountManagement.Infrastructure.EFCore\AccountManagement.Infrastructure.EFCore.csproj", "{19E324F5-4E44-4C98-A43F-7E0232BCAEAA}"
EndProject
Project("{FAE04EC0-301F-11D3-BF4B-00C04F79EFBC}") = "AccountManagement.Infrastructure.Configuration", "AccountManagement.Infrastructure.Configuration\AccountManagement.Infrastructure.Configuration.csproj", "{471E7A91-AE25-448F-8C01-D9136C1BDE81}"
EndProject
Project("{FAE04EC0-301F-11D3-BF4B-00C04F79EFBC}") = "ShopManagement.Infrastructure.InventoryAcl", "ShopManagement.Infrastructure.InventoryAcl\ShopManagement.Infrastructure.InventoryAcl.csproj", "{2A6D4F08-5317-44FC-98D5-12D234DD571B}"
EndProject
Global
	GlobalSection(SolutionConfigurationPlatforms) = preSolution
		Debug|Any CPU = Debug|Any CPU
		Release|Any CPU = Release|Any CPU
	EndGlobalSection
	GlobalSection(NestedProjects) = preSolution
		{4B6BCB0C-AFF1-4194-A697-38A3D3A7D198} = {322EF2CF-AFBB-45AC-A094-02A489F68B25}
		{B4E86E33-FA54-48BE-927D-932ACB259029} = {4B6BCB0C-AFF1-4194-A697-38A3D3A7D198}
		{9B3CB2D7-F384-400F-9F64-D6D540EE2862} = {322EF2CF-AFBB-45AC-A094-02A489F68B25}
		{A20B30BA-FD1B-4DC3-9504-7A0824ADC6EF} = {9B3CB2D7-F384-400F-9F64-D6D540EE2862}
		{982D6F02-1E47-48F6-8589-B0E9F93CC19C} = {9B3CB2D7-F384-400F-9F64-D6D540EE2862}
		{F3DF99FF-7692-4684-B94F-1654F886C2FD} = {322EF2CF-AFBB-45AC-A094-02A489F68B25}
		{44F5E6E8-BE28-4677-A8D5-E5CB14162ED1} = {F3DF99FF-7692-4684-B94F-1654F886C2FD}
		{E039F460-7824-4409-8440-DCE3C25198E0} = {F3DF99FF-7692-4684-B94F-1654F886C2FD}
		{3301DCFD-5A4D-4F9A-AD35-29A9D7EAC66E} = {412C9E5C-14F0-42ED-8485-F63FF19688DD}
		{E9B29B11-A2CE-44EF-9AD2-51EBFB7325FA} = {412C9E5C-14F0-42ED-8485-F63FF19688DD}
		{4CC299D4-2C52-4224-9EDB-A92EB3261CE3} = {412C9E5C-14F0-42ED-8485-F63FF19688DD}
		{59D1CD82-7B90-44BB-9705-22EAE720188C} = {E9B29B11-A2CE-44EF-9AD2-51EBFB7325FA}
		{E11A710E-C133-4842-83C4-141EC3170FF4} = {E9B29B11-A2CE-44EF-9AD2-51EBFB7325FA}
		{0FE14481-7116-422B-BA69-F58C389DA295} = {3301DCFD-5A4D-4F9A-AD35-29A9D7EAC66E}
		{F4441BBD-096C-4FAA-90E8-E62F0DA1E93D} = {4CC299D4-2C52-4224-9EDB-A92EB3261CE3}
		{112EF3DE-BE3C-4068-BB55-0483BC82166E} = {4CC299D4-2C52-4224-9EDB-A92EB3261CE3}
		{732257F9-CC8D-42EB-BA62-3E8E40DC9106} = {E8BDAB9F-850B-4A6A-A74E-CFBE624775C8}
		{6672D7C4-6C05-48A9-B394-29D4E2721036} = {E8BDAB9F-850B-4A6A-A74E-CFBE624775C8}
		{61B156AA-EC28-41B8-89D8-80A554C73E23} = {E8BDAB9F-850B-4A6A-A74E-CFBE624775C8}
		{8A381300-DF21-4DC7-AEAB-776948515CC6} = {732257F9-CC8D-42EB-BA62-3E8E40DC9106}
		{C1122181-AEA4-4327-AA90-50F3C70C3C53} = {6672D7C4-6C05-48A9-B394-29D4E2721036}
		{ED0E8C41-2BB5-49DC-9863-BF01A38B99B7} = {6672D7C4-6C05-48A9-B394-29D4E2721036}
		{B8CD176B-9DB2-4A86-9080-3282F9DD2978} = {61B156AA-EC28-41B8-89D8-80A554C73E23}
		{668FEE2B-0877-4C7A-95A1-5A97604B2F65} = {61B156AA-EC28-41B8-89D8-80A554C73E23}
		{652DE2F7-C69E-4336-85A4-82D4EE9EC393} = {F97EAC15-A61E-45D7-95CB-F975C91CE539}
		{C189748E-1A4B-4883-8AB4-D75452C11612} = {F97EAC15-A61E-45D7-95CB-F975C91CE539}
		{109B0D46-33C8-4551-9753-6B46642F734B} = {F97EAC15-A61E-45D7-95CB-F975C91CE539}
		{FA0D9FE1-B20C-43BB-B7E8-D07E39F44144} = {652DE2F7-C69E-4336-85A4-82D4EE9EC393}
		{E76851CF-2EEF-41CC-82E6-353379A5BE2C} = {652DE2F7-C69E-4336-85A4-82D4EE9EC393}
		{5143337B-FCAC-404B-B882-D66CEE9055F4} = {C189748E-1A4B-4883-8AB4-D75452C11612}
		{83F6BE51-C4EE-41C3-A4E2-D24677E81122} = {109B0D46-33C8-4551-9753-6B46642F734B}
		{4C7759A6-2149-4871-A7A0-2148E2A2AD77} = {109B0D46-33C8-4551-9753-6B46642F734B}
		{4A2FA2D8-B10F-4D46-833E-ACD40C99AC7D} = {FEC2DFE5-2782-412D-8BB0-096B86712CE6}
		{30A99F6B-31F8-4F91-B000-29CA5503840D} = {FEC2DFE5-2782-412D-8BB0-096B86712CE6}
		{31780A74-B783-4DA1-BA08-2131C6C5D2CC} = {FEC2DFE5-2782-412D-8BB0-096B86712CE6}
		{651A774D-3CCC-4257-92B7-1E00D0167E0B} = {30A99F6B-31F8-4F91-B000-29CA5503840D}
		{A483DFF5-2FAC-42C7-9D86-F77DB770E6E6} = {4A2FA2D8-B10F-4D46-833E-ACD40C99AC7D}
		{0A056087-BC3E-46B8-A31C-0139974ADE54} = {4A2FA2D8-B10F-4D46-833E-ACD40C99AC7D}
		{278681AF-59F7-4BEF-BB6A-2B30F4CF4B1D} = {31780A74-B783-4DA1-BA08-2131C6C5D2CC}
		{E70E05FF-DE14-41F0-9103-76B67AD36FBB} = {31780A74-B783-4DA1-BA08-2131C6C5D2CC}
		{83E8A3AF-118B-49B2-BC5B-22BB84CE14CB} = {7ECD2F2D-F690-4785-8A84-0B6062EAC20E}
		{A620D63F-ED70-47D3-8E71-170C8FD03E78} = {83E8A3AF-118B-49B2-BC5B-22BB84CE14CB}
		{5A35642D-5C2E-429B-A8D0-D2C7A945D0E6} = {7ECD2F2D-F690-4785-8A84-0B6062EAC20E}
		{316FD8AD-F941-4A14-8D82-5F6B071CF135} = {5A35642D-5C2E-429B-A8D0-D2C7A945D0E6}
		{BEE8A853-E566-466D-B29D-8ADE9F086D6F} = {5A35642D-5C2E-429B-A8D0-D2C7A945D0E6}
		{D3EC71D8-5363-4745-8137-9BAC20DCC330} = {7ECD2F2D-F690-4785-8A84-0B6062EAC20E}
		{19E324F5-4E44-4C98-A43F-7E0232BCAEAA} = {D3EC71D8-5363-4745-8137-9BAC20DCC330}
		{471E7A91-AE25-448F-8C01-D9136C1BDE81} = {D3EC71D8-5363-4745-8137-9BAC20DCC330}
		{2A6D4F08-5317-44FC-98D5-12D234DD571B} = {F3DF99FF-7692-4684-B94F-1654F886C2FD}
	EndGlobalSection
	GlobalSection(ProjectConfigurationPlatforms) = postSolution
		{B4E86E33-FA54-48BE-927D-932ACB259029}.Debug|Any CPU.ActiveCfg = Debug|Any CPU
		{B4E86E33-FA54-48BE-927D-932ACB259029}.Debug|Any CPU.Build.0 = Debug|Any CPU
		{B4E86E33-FA54-48BE-927D-932ACB259029}.Release|Any CPU.ActiveCfg = Release|Any CPU
		{B4E86E33-FA54-48BE-927D-932ACB259029}.Release|Any CPU.Build.0 = Release|Any CPU
		{EBA10C67-E371-46B5-90FB-EF3F4D76A960}.Debug|Any CPU.ActiveCfg = Debug|Any CPU
		{EBA10C67-E371-46B5-90FB-EF3F4D76A960}.Debug|Any CPU.Build.0 = Debug|Any CPU
		{EBA10C67-E371-46B5-90FB-EF3F4D76A960}.Release|Any CPU.ActiveCfg = Release|Any CPU
		{EBA10C67-E371-46B5-90FB-EF3F4D76A960}.Release|Any CPU.Build.0 = Release|Any CPU
		{A20B30BA-FD1B-4DC3-9504-7A0824ADC6EF}.Debug|Any CPU.ActiveCfg = Debug|Any CPU
		{A20B30BA-FD1B-4DC3-9504-7A0824ADC6EF}.Debug|Any CPU.Build.0 = Debug|Any CPU
		{A20B30BA-FD1B-4DC3-9504-7A0824ADC6EF}.Release|Any CPU.ActiveCfg = Release|Any CPU
		{A20B30BA-FD1B-4DC3-9504-7A0824ADC6EF}.Release|Any CPU.Build.0 = Release|Any CPU
		{982D6F02-1E47-48F6-8589-B0E9F93CC19C}.Debug|Any CPU.ActiveCfg = Debug|Any CPU
		{982D6F02-1E47-48F6-8589-B0E9F93CC19C}.Debug|Any CPU.Build.0 = Debug|Any CPU
		{982D6F02-1E47-48F6-8589-B0E9F93CC19C}.Release|Any CPU.ActiveCfg = Release|Any CPU
		{982D6F02-1E47-48F6-8589-B0E9F93CC19C}.Release|Any CPU.Build.0 = Release|Any CPU
		{44F5E6E8-BE28-4677-A8D5-E5CB14162ED1}.Debug|Any CPU.ActiveCfg = Debug|Any CPU
		{44F5E6E8-BE28-4677-A8D5-E5CB14162ED1}.Debug|Any CPU.Build.0 = Debug|Any CPU
		{44F5E6E8-BE28-4677-A8D5-E5CB14162ED1}.Release|Any CPU.ActiveCfg = Release|Any CPU
		{44F5E6E8-BE28-4677-A8D5-E5CB14162ED1}.Release|Any CPU.Build.0 = Release|Any CPU
		{E039F460-7824-4409-8440-DCE3C25198E0}.Debug|Any CPU.ActiveCfg = Debug|Any CPU
		{E039F460-7824-4409-8440-DCE3C25198E0}.Debug|Any CPU.Build.0 = Debug|Any CPU
		{E039F460-7824-4409-8440-DCE3C25198E0}.Release|Any CPU.ActiveCfg = Release|Any CPU
		{E039F460-7824-4409-8440-DCE3C25198E0}.Release|Any CPU.Build.0 = Release|Any CPU
		{5F72AB03-42D8-4093-8B92-D450D185364D}.Debug|Any CPU.ActiveCfg = Debug|Any CPU
		{5F72AB03-42D8-4093-8B92-D450D185364D}.Debug|Any CPU.Build.0 = Debug|Any CPU
		{5F72AB03-42D8-4093-8B92-D450D185364D}.Release|Any CPU.ActiveCfg = Release|Any CPU
		{5F72AB03-42D8-4093-8B92-D450D185364D}.Release|Any CPU.Build.0 = Release|Any CPU
		{974A6267-91AE-4512-8895-45A77AAF9959}.Debug|Any CPU.ActiveCfg = Debug|Any CPU
		{974A6267-91AE-4512-8895-45A77AAF9959}.Debug|Any CPU.Build.0 = Debug|Any CPU
		{974A6267-91AE-4512-8895-45A77AAF9959}.Release|Any CPU.ActiveCfg = Release|Any CPU
		{974A6267-91AE-4512-8895-45A77AAF9959}.Release|Any CPU.Build.0 = Release|Any CPU
		{59D1CD82-7B90-44BB-9705-22EAE720188C}.Debug|Any CPU.ActiveCfg = Debug|Any CPU
		{59D1CD82-7B90-44BB-9705-22EAE720188C}.Debug|Any CPU.Build.0 = Debug|Any CPU
		{59D1CD82-7B90-44BB-9705-22EAE720188C}.Release|Any CPU.ActiveCfg = Release|Any CPU
		{59D1CD82-7B90-44BB-9705-22EAE720188C}.Release|Any CPU.Build.0 = Release|Any CPU
		{E11A710E-C133-4842-83C4-141EC3170FF4}.Debug|Any CPU.ActiveCfg = Debug|Any CPU
		{E11A710E-C133-4842-83C4-141EC3170FF4}.Debug|Any CPU.Build.0 = Debug|Any CPU
		{E11A710E-C133-4842-83C4-141EC3170FF4}.Release|Any CPU.ActiveCfg = Release|Any CPU
		{E11A710E-C133-4842-83C4-141EC3170FF4}.Release|Any CPU.Build.0 = Release|Any CPU
		{0FE14481-7116-422B-BA69-F58C389DA295}.Debug|Any CPU.ActiveCfg = Debug|Any CPU
		{0FE14481-7116-422B-BA69-F58C389DA295}.Debug|Any CPU.Build.0 = Debug|Any CPU
		{0FE14481-7116-422B-BA69-F58C389DA295}.Release|Any CPU.ActiveCfg = Release|Any CPU
		{0FE14481-7116-422B-BA69-F58C389DA295}.Release|Any CPU.Build.0 = Release|Any CPU
		{F4441BBD-096C-4FAA-90E8-E62F0DA1E93D}.Debug|Any CPU.ActiveCfg = Debug|Any CPU
		{F4441BBD-096C-4FAA-90E8-E62F0DA1E93D}.Debug|Any CPU.Build.0 = Debug|Any CPU
		{F4441BBD-096C-4FAA-90E8-E62F0DA1E93D}.Release|Any CPU.ActiveCfg = Release|Any CPU
		{F4441BBD-096C-4FAA-90E8-E62F0DA1E93D}.Release|Any CPU.Build.0 = Release|Any CPU
		{112EF3DE-BE3C-4068-BB55-0483BC82166E}.Debug|Any CPU.ActiveCfg = Debug|Any CPU
		{112EF3DE-BE3C-4068-BB55-0483BC82166E}.Debug|Any CPU.Build.0 = Debug|Any CPU
		{112EF3DE-BE3C-4068-BB55-0483BC82166E}.Release|Any CPU.ActiveCfg = Release|Any CPU
		{112EF3DE-BE3C-4068-BB55-0483BC82166E}.Release|Any CPU.Build.0 = Release|Any CPU
		{8A381300-DF21-4DC7-AEAB-776948515CC6}.Debug|Any CPU.ActiveCfg = Debug|Any CPU
		{8A381300-DF21-4DC7-AEAB-776948515CC6}.Debug|Any CPU.Build.0 = Debug|Any CPU
		{8A381300-DF21-4DC7-AEAB-776948515CC6}.Release|Any CPU.ActiveCfg = Release|Any CPU
		{8A381300-DF21-4DC7-AEAB-776948515CC6}.Release|Any CPU.Build.0 = Release|Any CPU
		{C1122181-AEA4-4327-AA90-50F3C70C3C53}.Debug|Any CPU.ActiveCfg = Debug|Any CPU
		{C1122181-AEA4-4327-AA90-50F3C70C3C53}.Debug|Any CPU.Build.0 = Debug|Any CPU
		{C1122181-AEA4-4327-AA90-50F3C70C3C53}.Release|Any CPU.ActiveCfg = Release|Any CPU
		{C1122181-AEA4-4327-AA90-50F3C70C3C53}.Release|Any CPU.Build.0 = Release|Any CPU
		{ED0E8C41-2BB5-49DC-9863-BF01A38B99B7}.Debug|Any CPU.ActiveCfg = Debug|Any CPU
		{ED0E8C41-2BB5-49DC-9863-BF01A38B99B7}.Debug|Any CPU.Build.0 = Debug|Any CPU
		{ED0E8C41-2BB5-49DC-9863-BF01A38B99B7}.Release|Any CPU.ActiveCfg = Release|Any CPU
		{ED0E8C41-2BB5-49DC-9863-BF01A38B99B7}.Release|Any CPU.Build.0 = Release|Any CPU
		{B8CD176B-9DB2-4A86-9080-3282F9DD2978}.Debug|Any CPU.ActiveCfg = Debug|Any CPU
		{B8CD176B-9DB2-4A86-9080-3282F9DD2978}.Debug|Any CPU.Build.0 = Debug|Any CPU
		{B8CD176B-9DB2-4A86-9080-3282F9DD2978}.Release|Any CPU.ActiveCfg = Release|Any CPU
		{B8CD176B-9DB2-4A86-9080-3282F9DD2978}.Release|Any CPU.Build.0 = Release|Any CPU
		{668FEE2B-0877-4C7A-95A1-5A97604B2F65}.Debug|Any CPU.ActiveCfg = Debug|Any CPU
		{668FEE2B-0877-4C7A-95A1-5A97604B2F65}.Debug|Any CPU.Build.0 = Debug|Any CPU
		{668FEE2B-0877-4C7A-95A1-5A97604B2F65}.Release|Any CPU.ActiveCfg = Release|Any CPU
		{668FEE2B-0877-4C7A-95A1-5A97604B2F65}.Release|Any CPU.Build.0 = Release|Any CPU
		{FA0D9FE1-B20C-43BB-B7E8-D07E39F44144}.Debug|Any CPU.ActiveCfg = Debug|Any CPU
		{FA0D9FE1-B20C-43BB-B7E8-D07E39F44144}.Debug|Any CPU.Build.0 = Debug|Any CPU
		{FA0D9FE1-B20C-43BB-B7E8-D07E39F44144}.Release|Any CPU.ActiveCfg = Release|Any CPU
		{FA0D9FE1-B20C-43BB-B7E8-D07E39F44144}.Release|Any CPU.Build.0 = Release|Any CPU
		{E76851CF-2EEF-41CC-82E6-353379A5BE2C}.Debug|Any CPU.ActiveCfg = Debug|Any CPU
		{E76851CF-2EEF-41CC-82E6-353379A5BE2C}.Debug|Any CPU.Build.0 = Debug|Any CPU
		{E76851CF-2EEF-41CC-82E6-353379A5BE2C}.Release|Any CPU.ActiveCfg = Release|Any CPU
		{E76851CF-2EEF-41CC-82E6-353379A5BE2C}.Release|Any CPU.Build.0 = Release|Any CPU
		{5143337B-FCAC-404B-B882-D66CEE9055F4}.Debug|Any CPU.ActiveCfg = Debug|Any CPU
		{5143337B-FCAC-404B-B882-D66CEE9055F4}.Debug|Any CPU.Build.0 = Debug|Any CPU
		{5143337B-FCAC-404B-B882-D66CEE9055F4}.Release|Any CPU.ActiveCfg = Release|Any CPU
		{5143337B-FCAC-404B-B882-D66CEE9055F4}.Release|Any CPU.Build.0 = Release|Any CPU
		{83F6BE51-C4EE-41C3-A4E2-D24677E81122}.Debug|Any CPU.ActiveCfg = Debug|Any CPU
		{83F6BE51-C4EE-41C3-A4E2-D24677E81122}.Debug|Any CPU.Build.0 = Debug|Any CPU
		{83F6BE51-C4EE-41C3-A4E2-D24677E81122}.Release|Any CPU.ActiveCfg = Release|Any CPU
		{83F6BE51-C4EE-41C3-A4E2-D24677E81122}.Release|Any CPU.Build.0 = Release|Any CPU
		{4C7759A6-2149-4871-A7A0-2148E2A2AD77}.Debug|Any CPU.ActiveCfg = Debug|Any CPU
		{4C7759A6-2149-4871-A7A0-2148E2A2AD77}.Debug|Any CPU.Build.0 = Debug|Any CPU
		{4C7759A6-2149-4871-A7A0-2148E2A2AD77}.Release|Any CPU.ActiveCfg = Release|Any CPU
		{4C7759A6-2149-4871-A7A0-2148E2A2AD77}.Release|Any CPU.Build.0 = Release|Any CPU
		{651A774D-3CCC-4257-92B7-1E00D0167E0B}.Debug|Any CPU.ActiveCfg = Debug|Any CPU
		{651A774D-3CCC-4257-92B7-1E00D0167E0B}.Debug|Any CPU.Build.0 = Debug|Any CPU
		{651A774D-3CCC-4257-92B7-1E00D0167E0B}.Release|Any CPU.ActiveCfg = Release|Any CPU
		{651A774D-3CCC-4257-92B7-1E00D0167E0B}.Release|Any CPU.Build.0 = Release|Any CPU
		{A483DFF5-2FAC-42C7-9D86-F77DB770E6E6}.Debug|Any CPU.ActiveCfg = Debug|Any CPU
		{A483DFF5-2FAC-42C7-9D86-F77DB770E6E6}.Debug|Any CPU.Build.0 = Debug|Any CPU
		{A483DFF5-2FAC-42C7-9D86-F77DB770E6E6}.Release|Any CPU.ActiveCfg = Release|Any CPU
		{A483DFF5-2FAC-42C7-9D86-F77DB770E6E6}.Release|Any CPU.Build.0 = Release|Any CPU
		{0A056087-BC3E-46B8-A31C-0139974ADE54}.Debug|Any CPU.ActiveCfg = Debug|Any CPU
		{0A056087-BC3E-46B8-A31C-0139974ADE54}.Debug|Any CPU.Build.0 = Debug|Any CPU
		{0A056087-BC3E-46B8-A31C-0139974ADE54}.Release|Any CPU.ActiveCfg = Release|Any CPU
		{0A056087-BC3E-46B8-A31C-0139974ADE54}.Release|Any CPU.Build.0 = Release|Any CPU
		{278681AF-59F7-4BEF-BB6A-2B30F4CF4B1D}.Debug|Any CPU.ActiveCfg = Debug|Any CPU
		{278681AF-59F7-4BEF-BB6A-2B30F4CF4B1D}.Debug|Any CPU.Build.0 = Debug|Any CPU
		{278681AF-59F7-4BEF-BB6A-2B30F4CF4B1D}.Release|Any CPU.ActiveCfg = Release|Any CPU
		{278681AF-59F7-4BEF-BB6A-2B30F4CF4B1D}.Release|Any CPU.Build.0 = Release|Any CPU
		{E70E05FF-DE14-41F0-9103-76B67AD36FBB}.Debug|Any CPU.ActiveCfg = Debug|Any CPU
		{E70E05FF-DE14-41F0-9103-76B67AD36FBB}.Debug|Any CPU.Build.0 = Debug|Any CPU
		{E70E05FF-DE14-41F0-9103-76B67AD36FBB}.Release|Any CPU.ActiveCfg = Release|Any CPU
		{E70E05FF-DE14-41F0-9103-76B67AD36FBB}.Release|Any CPU.Build.0 = Release|Any CPU
		{A620D63F-ED70-47D3-8E71-170C8FD03E78}.Debug|Any CPU.ActiveCfg = Debug|Any CPU
		{A620D63F-ED70-47D3-8E71-170C8FD03E78}.Debug|Any CPU.Build.0 = Debug|Any CPU
		{A620D63F-ED70-47D3-8E71-170C8FD03E78}.Release|Any CPU.ActiveCfg = Release|Any CPU
		{A620D63F-ED70-47D3-8E71-170C8FD03E78}.Release|Any CPU.Build.0 = Release|Any CPU
		{316FD8AD-F941-4A14-8D82-5F6B071CF135}.Debug|Any CPU.ActiveCfg = Debug|Any CPU
		{316FD8AD-F941-4A14-8D82-5F6B071CF135}.Debug|Any CPU.Build.0 = Debug|Any CPU
		{316FD8AD-F941-4A14-8D82-5F6B071CF135}.Release|Any CPU.ActiveCfg = Release|Any CPU
		{316FD8AD-F941-4A14-8D82-5F6B071CF135}.Release|Any CPU.Build.0 = Release|Any CPU
		{BEE8A853-E566-466D-B29D-8ADE9F086D6F}.Debug|Any CPU.ActiveCfg = Debug|Any CPU
		{BEE8A853-E566-466D-B29D-8ADE9F086D6F}.Debug|Any CPU.Build.0 = Debug|Any CPU
		{BEE8A853-E566-466D-B29D-8ADE9F086D6F}.Release|Any CPU.ActiveCfg = Release|Any CPU
		{BEE8A853-E566-466D-B29D-8ADE9F086D6F}.Release|Any CPU.Build.0 = Release|Any CPU
		{19E324F5-4E44-4C98-A43F-7E0232BCAEAA}.Debug|Any CPU.ActiveCfg = Debug|Any CPU
		{19E324F5-4E44-4C98-A43F-7E0232BCAEAA}.Debug|Any CPU.Build.0 = Debug|Any CPU
		{19E324F5-4E44-4C98-A43F-7E0232BCAEAA}.Release|Any CPU.ActiveCfg = Release|Any CPU
		{19E324F5-4E44-4C98-A43F-7E0232BCAEAA}.Release|Any CPU.Build.0 = Release|Any CPU
		{471E7A91-AE25-448F-8C01-D9136C1BDE81}.Debug|Any CPU.ActiveCfg = Debug|Any CPU
		{471E7A91-AE25-448F-8C01-D9136C1BDE81}.Debug|Any CPU.Build.0 = Debug|Any CPU
		{471E7A91-AE25-448F-8C01-D9136C1BDE81}.Release|Any CPU.ActiveCfg = Release|Any CPU
		{471E7A91-AE25-448F-8C01-D9136C1BDE81}.Release|Any CPU.Build.0 = Release|Any CPU
		{2A6D4F08-5317-44FC-98D5-12D234DD571B}.Debug|Any CPU.ActiveCfg = Debug|Any CPU
		{2A6D4F08-5317-44FC-98D5-12D234DD571B}.Debug|Any CPU.Build.0 = Debug|Any CPU
		{2A6D4F08-5317-44FC-98D5-12D234DD571B}.Release|Any CPU.ActiveCfg = Release|Any CPU
		{2A6D4F08-5317-44FC-98D5-12D234DD571B}.Release|Any CPU.Build.0 = Release|Any CPU
	EndGlobalSection
EndGlobal
