
Microsoft Visual Studio Solution File, Format Version 12.00
Project("{2150E333-8FDC-42A3-9474-1A3956D46DE8}") = "ShopManagement", "ShopManagement", "{322EF2CF-AFBB-45AC-A094-02A489F68B25}"
EndProject
Project("{2150E333-8FDC-42A3-9474-1A3956D46DE8}") = "Domain", "Domain", "{4B6BCB0C-AFF1-4194-A697-38A3D3A7D198}"
EndProject
Project("{FAE04EC0-301F-11D3-BF4B-00C04F79EFBC}") = "ShopManagement.Domain", "ShopManagement.Domain\ShopManagement.Domain.csproj", "{B4E86E33-FA54-48BE-927D-932ACB259029}"
EndProject
Project("{FAE04EC0-301F-11D3-BF4B-00C04F79EFBC}") = "0_Framework", "0_Framework\0_Framework.csproj", "{EBA10C67-E371-46B5-90FB-EF3F4D76A960}"
EndProject
Project("{2150E333-8FDC-42A3-9474-1A3956D46DE8}") = "Appllication", "Appllication", "{9B3CB2D7-F384-400F-9F64-D6D540EE2862}"
EndProject
Project("{FAE04EC0-301F-11D3-BF4B-00C04F79EFBC}") = "ShopManagement.Application.Contracts", "ShopManagement.Application.Contracts\ShopManagement.Application.Contracts.csproj", "{A20B30BA-FD1B-4DC3-9504-7A0824ADC6EF}"
EndProject
Project("{FAE04EC0-301F-11D3-BF4B-00C04F79EFBC}") = "ShopManagement.Application", "ShopManagement.Application\ShopManagement.Application.csproj", "{982D6F02-1E47-48F6-8589-B0E9F93CC19C}"
EndProject
Project("{2150E333-8FDC-42A3-9474-1A3956D46DE8}") = "Infrastructure", "Infrastructure", "{F3DF99FF-7692-4684-B94F-1654F886C2FD}"
EndProject
Project("{FAE04EC0-301F-11D3-BF4B-00C04F79EFBC}") = "ShopManagement.Infrastructure.EFCore", "ShopManagement.Infrastructure.EFCore\ShopManagement.Infrastructure.EFCore.csproj", "{44F5E6E8-BE28-4677-A8D5-E5CB14162ED1}"
EndProject
Project("{FAE04EC0-301F-11D3-BF4B-00C04F79EFBC}") = "ShopManagement.Configuration", "ShopManagement.Configuration\ShopManagement.Configuration.csproj", "{E039F460-7824-4409-8440-DCE3C25198E0}"
EndProject
Project("{FAE04EC0-301F-11D3-BF4B-00C04F79EFBC}") = "ServiceHost", "ServiceHost\ServiceHost.csproj", "{5F72AB03-42D8-4093-8B92-D450D185364D}"
EndProject
Project("{FAE04EC0-301F-11D3-BF4B-00C04F79EFBC}") = "01_ShopQuery", "01_ShopQuery\01_ShopQuery.csproj", "{974A6267-91AE-4512-8895-45A77AAF9959}"
EndProject
Project("{2150E333-8FDC-42A3-9474-1A3956D46DE8}") = "DiscountManagement", "DiscountManagement", "{412C9E5C-14F0-42ED-8485-F63FF19688DD}"
EndProject
Project("{2150E333-8FDC-42A3-9474-1A3956D46DE8}") = "Domain", "Domain", "{3301DCFD-5A4D-4F9A-AD35-29A9D7EAC66E}"
EndProject
Project("{2150E333-8FDC-42A3-9474-1A3956D46DE8}") = "Application", "Application", "{E9B29B11-A2CE-44EF-9AD2-51EBFB7325FA}"
EndProject
Project("{2150E333-8FDC-42A3-9474-1A3956D46DE8}") = "Infrastructure", "Infrastructure", "{4CC299D4-2C52-4224-9EDB-A92EB3261CE3}"
EndProject
Project("{FAE04EC0-301F-11D3-BF4B-00C04F79EFBC}") = "DiscountManagement.Application", "DiscountManagement.Application\DiscountManagement.Application.csproj", "{59D1CD82-7B90-44BB-9705-22EAE720188C}"
EndProject
Project("{FAE04EC0-301F-11D3-BF4B-00C04F79EFBC}") = "DiscountManagement.Application.Contracts", "DiscountManagement.Application.Contracts\DiscountManagement.Application.Contracts.csproj", "{E11A710E-C133-4842-83C4-141EC3170FF4}"
EndProject
Project("{FAE04EC0-301F-11D3-BF4B-00C04F79EFBC}") = "DiscountManagement.Domain", "DiscountManagement.Domain\DiscountManagement.Domain.csproj", "{0FE14481-7116-422B-BA69-F58C389DA295}"
EndProject
Project("{FAE04EC0-301F-11D3-BF4B-00C04F79EFBC}") = "DiscountManagement.Configuration", "DiscountManagement.Configuration\DiscountManagement.Configuration.csproj", "{F4441BBD-096C-4FAA-90E8-E62F0DA1E93D}"
EndProject
Project("{FAE04EC0-301F-11D3-BF4B-00C04F79EFBC}") = "DiscountManagement.Infrastructure.EFCore", "DiscountManagement.Infrastructure.EFCore\DiscountManagement.Infrastructure.EFCore.csproj", "{112EF3DE-BE3C-4068-BB55-0483BC82166E}"
EndProject
Global
	GlobalSection(SolutionConfigurationPlatforms) = preSolution
		Debug|Any CPU = Debug|Any CPU
		Release|Any CPU = Release|Any CPU
	EndGlobalSection
	GlobalSection(NestedProjects) = preSolution
		{4B6BCB0C-AFF1-4194-A697-38A3D3A7D198} = {322EF2CF-AFBB-45AC-A094-02A489F68B25}
		{B4E86E33-FA54-48BE-927D-932ACB259029} = {4B6BCB0C-AFF1-4194-A697-38A3D3A7D198}
		{9B3CB2D7-F384-400F-9F64-D6D540EE2862} = {322EF2CF-AFBB-45AC-A094-02A489F68B25}
		{A20B30BA-FD1B-4DC3-9504-7A0824ADC6EF} = {9B3CB2D7-F384-400F-9F64-D6D540EE2862}
		{982D6F02-1E47-48F6-8589-B0E9F93CC19C} = {9B3CB2D7-F384-400F-9F64-D6D540EE2862}
		{F3DF99FF-7692-4684-B94F-1654F886C2FD} = {322EF2CF-AFBB-45AC-A094-02A489F68B25}
		{44F5E6E8-BE28-4677-A8D5-E5CB14162ED1} = {F3DF99FF-7692-4684-B94F-1654F886C2FD}
		{E039F460-7824-4409-8440-DCE3C25198E0} = {F3DF99FF-7692-4684-B94F-1654F886C2FD}
		{3301DCFD-5A4D-4F9A-AD35-29A9D7EAC66E} = {412C9E5C-14F0-42ED-8485-F63FF19688DD}
		{E9B29B11-A2CE-44EF-9AD2-51EBFB7325FA} = {412C9E5C-14F0-42ED-8485-F63FF19688DD}
		{4CC299D4-2C52-4224-9EDB-A92EB3261CE3} = {412C9E5C-14F0-42ED-8485-F63FF19688DD}
		{59D1CD82-7B90-44BB-9705-22EAE720188C} = {E9B29B11-A2CE-44EF-9AD2-51EBFB7325FA}
		{E11A710E-C133-4842-83C4-141EC3170FF4} = {E9B29B11-A2CE-44EF-9AD2-51EBFB7325FA}
		{0FE14481-7116-422B-BA69-F58C389DA295} = {3301DCFD-5A4D-4F9A-AD35-29A9D7EAC66E}
		{F4441BBD-096C-4FAA-90E8-E62F0DA1E93D} = {4CC299D4-2C52-4224-9EDB-A92EB3261CE3}
		{112EF3DE-BE3C-4068-BB55-0483BC82166E} = {4CC299D4-2C52-4224-9EDB-A92EB3261CE3}
	EndGlobalSection
	GlobalSection(ProjectConfigurationPlatforms) = postSolution
		{B4E86E33-FA54-48BE-927D-932ACB259029}.Debug|Any CPU.ActiveCfg = Debug|Any CPU
		{B4E86E33-FA54-48BE-927D-932ACB259029}.Debug|Any CPU.Build.0 = Debug|Any CPU
		{B4E86E33-FA54-48BE-927D-932ACB259029}.Release|Any CPU.ActiveCfg = Release|Any CPU
		{B4E86E33-FA54-48BE-927D-932ACB259029}.Release|Any CPU.Build.0 = Release|Any CPU
		{EBA10C67-E371-46B5-90FB-EF3F4D76A960}.Debug|Any CPU.ActiveCfg = Debug|Any CPU
		{EBA10C67-E371-46B5-90FB-EF3F4D76A960}.Debug|Any CPU.Build.0 = Debug|Any CPU
		{EBA10C67-E371-46B5-90FB-EF3F4D76A960}.Release|Any CPU.ActiveCfg = Release|Any CPU
		{EBA10C67-E371-46B5-90FB-EF3F4D76A960}.Release|Any CPU.Build.0 = Release|Any CPU
		{A20B30BA-FD1B-4DC3-9504-7A0824ADC6EF}.Debug|Any CPU.ActiveCfg = Debug|Any CPU
		{A20B30BA-FD1B-4DC3-9504-7A0824ADC6EF}.Debug|Any CPU.Build.0 = Debug|Any CPU
		{A20B30BA-FD1B-4DC3-9504-7A0824ADC6EF}.Release|Any CPU.ActiveCfg = Release|Any CPU
		{A20B30BA-FD1B-4DC3-9504-7A0824ADC6EF}.Release|Any CPU.Build.0 = Release|Any CPU
		{982D6F02-1E47-48F6-8589-B0E9F93CC19C}.Debug|Any CPU.ActiveCfg = Debug|Any CPU
		{982D6F02-1E47-48F6-8589-B0E9F93CC19C}.Debug|Any CPU.Build.0 = Debug|Any CPU
		{982D6F02-1E47-48F6-8589-B0E9F93CC19C}.Release|Any CPU.ActiveCfg = Release|Any CPU
		{982D6F02-1E47-48F6-8589-B0E9F93CC19C}.Release|Any CPU.Build.0 = Release|Any CPU
		{44F5E6E8-BE28-4677-A8D5-E5CB14162ED1}.Debug|Any CPU.ActiveCfg = Debug|Any CPU
		{44F5E6E8-BE28-4677-A8D5-E5CB14162ED1}.Debug|Any CPU.Build.0 = Debug|Any CPU
		{44F5E6E8-BE28-4677-A8D5-E5CB14162ED1}.Release|Any CPU.ActiveCfg = Release|Any CPU
		{44F5E6E8-BE28-4677-A8D5-E5CB14162ED1}.Release|Any CPU.Build.0 = Release|Any CPU
		{E039F460-7824-4409-8440-DCE3C25198E0}.Debug|Any CPU.ActiveCfg = Debug|Any CPU
		{E039F460-7824-4409-8440-DCE3C25198E0}.Debug|Any CPU.Build.0 = Debug|Any CPU
		{E039F460-7824-4409-8440-DCE3C25198E0}.Release|Any CPU.ActiveCfg = Release|Any CPU
		{E039F460-7824-4409-8440-DCE3C25198E0}.Release|Any CPU.Build.0 = Release|Any CPU
		{5F72AB03-42D8-4093-8B92-D450D185364D}.Debug|Any CPU.ActiveCfg = Debug|Any CPU
		{5F72AB03-42D8-4093-8B92-D450D185364D}.Debug|Any CPU.Build.0 = Debug|Any CPU
		{5F72AB03-42D8-4093-8B92-D450D185364D}.Release|Any CPU.ActiveCfg = Release|Any CPU
		{5F72AB03-42D8-4093-8B92-D450D185364D}.Release|Any CPU.Build.0 = Release|Any CPU
		{974A6267-91AE-4512-8895-45A77AAF9959}.Debug|Any CPU.ActiveCfg = Debug|Any CPU
		{974A6267-91AE-4512-8895-45A77AAF9959}.Debug|Any CPU.Build.0 = Debug|Any CPU
		{974A6267-91AE-4512-8895-45A77AAF9959}.Release|Any CPU.ActiveCfg = Release|Any CPU
		{974A6267-91AE-4512-8895-45A77AAF9959}.Release|Any CPU.Build.0 = Release|Any CPU
		{59D1CD82-7B90-44BB-9705-22EAE720188C}.Debug|Any CPU.ActiveCfg = Debug|Any CPU
		{59D1CD82-7B90-44BB-9705-22EAE720188C}.Debug|Any CPU.Build.0 = Debug|Any CPU
		{59D1CD82-7B90-44BB-9705-22EAE720188C}.Release|Any CPU.ActiveCfg = Release|Any CPU
		{59D1CD82-7B90-44BB-9705-22EAE720188C}.Release|Any CPU.Build.0 = Release|Any CPU
		{E11A710E-C133-4842-83C4-141EC3170FF4}.Debug|Any CPU.ActiveCfg = Debug|Any CPU
		{E11A710E-C133-4842-83C4-141EC3170FF4}.Debug|Any CPU.Build.0 = Debug|Any CPU
		{E11A710E-C133-4842-83C4-141EC3170FF4}.Release|Any CPU.ActiveCfg = Release|Any CPU
		{E11A710E-C133-4842-83C4-141EC3170FF4}.Release|Any CPU.Build.0 = Release|Any CPU
		{0FE14481-7116-422B-BA69-F58C389DA295}.Debug|Any CPU.ActiveCfg = Debug|Any CPU
		{0FE14481-7116-422B-BA69-F58C389DA295}.Debug|Any CPU.Build.0 = Debug|Any CPU
		{0FE14481-7116-422B-BA69-F58C389DA295}.Release|Any CPU.ActiveCfg = Release|Any CPU
		{0FE14481-7116-422B-BA69-F58C389DA295}.Release|Any CPU.Build.0 = Release|Any CPU
		{F4441BBD-096C-4FAA-90E8-E62F0DA1E93D}.Debug|Any CPU.ActiveCfg = Debug|Any CPU
		{F4441BBD-096C-4FAA-90E8-E62F0DA1E93D}.Debug|Any CPU.Build.0 = Debug|Any CPU
		{F4441BBD-096C-4FAA-90E8-E62F0DA1E93D}.Release|Any CPU.ActiveCfg = Release|Any CPU
		{F4441BBD-096C-4FAA-90E8-E62F0DA1E93D}.Release|Any CPU.Build.0 = Release|Any CPU
		{112EF3DE-BE3C-4068-BB55-0483BC82166E}.Debug|Any CPU.ActiveCfg = Debug|Any CPU
		{112EF3DE-BE3C-4068-BB55-0483BC82166E}.Debug|Any CPU.Build.0 = Debug|Any CPU
		{112EF3DE-BE3C-4068-BB55-0483BC82166E}.Release|Any CPU.ActiveCfg = Release|Any CPU
		{112EF3DE-BE3C-4068-BB55-0483BC82166E}.Release|Any CPU.Build.0 = Release|Any CPU
	EndGlobalSection
EndGlobal
